
Microsoft Visual Studio Solution File, Format Version 12.00
# Visual Studio Version 17
VisualStudioVersion = 17.5.002.0
MinimumVisualStudioVersion = 10.0.40219.1
Project("{9A19103F-16F7-4668-BE54-9A1E7A4F7556}") = "CPoo", "CPoo.csproj", "{4A0421D6-E25E-4588-8314-29033E2A7F1B}"
EndProject
Global
	GlobalSection(SolutionConfigurationPlatforms) = preSolution
		Debug|Any CPU = Debug|Any CPU
		Release|Any CPU = Release|Any CPU
	EndGlobalSection
	GlobalSection(ProjectConfigurationPlatforms) = postSolution
		{4A0421D6-E25E-4588-8314-29033E2A7F1B}.Debug|Any CPU.ActiveCfg = Debug|Any CPU
		{4A0421D6-E25E-4588-8314-29033E2A7F1B}.Debug|Any CPU.Build.0 = Debug|Any CPU
		{4A0421D6-E25E-4588-8314-29033E2A7F1B}.Release|Any CPU.ActiveCfg = Release|Any CPU
		{4A0421D6-E25E-4588-8314-29033E2A7F1B}.Release|Any CPU.Build.0 = Release|Any CPU
	EndGlobalSection
	GlobalSection(SolutionProperties) = preSolution
		HideSolutionNode = FALSE
	EndGlobalSection
	GlobalSection(ExtensibilityGlobals) = postSolution
		SolutionGuid = {6C25CCBC-A9E5-4DF1-A14B-87487706617F}
	EndGlobalSection
EndGlobal
